# THIS IS AN AUTOGENERATED FILE. DO NOT EDIT THIS FILE DIRECTLY.
# yarn lockfile v1


acorn-walk@^8.2.0:
  version "8.2.0"
  resolved "https://registry.npmjs.org/acorn-walk/-/acorn-walk-8.2.0.tgz#741210f2e2426454508853a2f44d0ab83b7f69c1"
  integrity sha512-k+iyHEuPgSw6SbuDpGQM+06HQUa04DZ3o+F6CSzXMvvI5KMvnaEqXe+YVe555R9nn6GPt404fos4wcgpw12SDA==

acorn@^8.7.0:
  version "8.8.0"
  resolved "https://registry.npmjs.org/acorn/-/acorn-8.8.0.tgz#88c0187620435c7f6015803f5539dae05a9dbea8"
  integrity sha512-QOxyigPVrpZ2GXT+PFyZTl6TtOFc5egxHIP9IlQ+RbupQuX4RkT/Bee4/kQuC02Xkzg84JcT7oLYtDIQxp+v7w==

ini@^2.0.0:
  version "2.0.0"
  resolved "https://registry.npmjs.org/ini/-/ini-2.0.0.tgz#e5fd556ecdd5726be978fa1001862eacb0a94bc5"
  integrity sha512-7PnF4oN3CvZF23ADhA5wRaYEQpJ8qygSkbtTXWBeXWXmEVRXK+1ITciHWwHhsjv1TmW0MgacIv6hEi5pX5NQdA==

node-watch@^0.7.3:
  version "0.7.3"
  resolved "https://registry.npmjs.org/node-watch/-/node-watch-0.7.3.tgz#6d4db88e39c8d09d3ea61d6568d80e5975abc7ab"
  integrity sha512-3l4E8uMPY1HdMMryPRUAl+oIHtXtyiTlIiESNSVSNxcPfzAFzeTbXFQkZfAwBbo0B1qMSG8nUABx+Gd+YrbKrQ==

nodejs-websocket@^1.7.2:
  version "1.7.2"
  resolved "https://registry.npmjs.org/nodejs-websocket/-/nodejs-websocket-1.7.2.tgz#94abd1e248f57d4d1c663dec3831015c6dad98a6"
  integrity sha512-PFX6ypJcCNDs7obRellR0DGTebfUhw1SXGKe2zpB+Ng1DQJhdzbzx1ob+AvJCLzy2TJF4r8cCDqMQqei1CZdPQ==

vm2@^3.9.9:
  version "3.9.11"
  resolved "https://registry.npmjs.org/vm2/-/vm2-3.9.11.tgz#a880f510a606481719ec3f9803b940c5805a06fe"
  integrity sha512-PFG8iJRSjvvBdisowQ7iVF580DXb1uCIiGaXgm7tynMR1uTBlv7UJlB1zdv5KJ+Tmq1f0Upnj3fayoEOPpCBKg==
  dependencies:
    acorn "^8.7.0"
    acorn-walk "^8.2.0"
